// !$*UTF8*$!
{
	archiveVersion = 1;
	classes = {
	};
	objectVersion = 50;
	objects = {

/* Begin PBXBuildFile section */
		6207D28B279EDBEE00969803 /* SongSearchResult.swift in Sources */ = {isa = PBXBuildFile; fileRef = 6207D28A279EDBEE00969803 /* SongSearchResult.swift */; };
		6207D28E279EE63100969803 /* Color+Theme.swift in Sources */ = {isa = PBXBuildFile; fileRef = 6207D28D279EE63100969803 /* Color+Theme.swift */; };
		6207D29027A0565C00969803 /* RemoteImage.swift in Sources */ = {isa = PBXBuildFile; fileRef = 6207D28F27A0565C00969803 /* RemoteImage.swift */; };
		6207D29427A1655400969803 /* Font+Custom.swift in Sources */ = {isa = PBXBuildFile; fileRef = 6207D29327A1655400969803 /* Font+Custom.swift */; };
		6224B8E92806DD3F0004AEEA /* KeychainHelper.swift in Sources */ = {isa = PBXBuildFile; fileRef = 6224B8E82806DD3F0004AEEA /* KeychainHelper.swift */; };
		6224B8EB280700FD0004AEEA /* UserToken.swift in Sources */ = {isa = PBXBuildFile; fileRef = 6224B8EA280700FD0004AEEA /* UserToken.swift */; };
		6224B8ED28072FD00004AEEA /* FlippableView.swift in Sources */ = {isa = PBXBuildFile; fileRef = 6224B8EC28072FD00004AEEA /* FlippableView.swift */; };
		622EC84026A6EEC900786192 /* SceneDelegate.swift in Sources */ = {isa = PBXBuildFile; fileRef = 622EC83F26A6EEC900786192 /* SceneDelegate.swift */; };
		622EC84726A6EECA00786192 /* Assets.xcassets in Resources */ = {isa = PBXBuildFile; fileRef = 622EC84626A6EECA00786192 /* Assets.xcassets */; };
		622EC85526A6EECA00786192 /* CiThemes_iOSTests.swift in Sources */ = {isa = PBXBuildFile; fileRef = 622EC85426A6EECA00786192 /* CiThemes_iOSTests.swift */; };
		622EC86026A6EECA00786192 /* CiThemes_iOSUITests.swift in Sources */ = {isa = PBXBuildFile; fileRef = 622EC85F26A6EECA00786192 /* CiThemes_iOSUITests.swift */; };
		622EC88326A703D400786192 /* OpenSans-Italic.ttf in Resources */ = {isa = PBXBuildFile; fileRef = 622EC87926A703D300786192 /* OpenSans-Italic.ttf */; };
		622EC88426A703D400786192 /* OpenSans-LightItalic.ttf in Resources */ = {isa = PBXBuildFile; fileRef = 622EC87A26A703D400786192 /* OpenSans-LightItalic.ttf */; };
		622EC88526A703D400786192 /* OpenSans-Bold.ttf in Resources */ = {isa = PBXBuildFile; fileRef = 622EC87B26A703D400786192 /* OpenSans-Bold.ttf */; };
		622EC88626A703D400786192 /* OpenSans-ExtraBoldItalic.ttf in Resources */ = {isa = PBXBuildFile; fileRef = 622EC87C26A703D400786192 /* OpenSans-ExtraBoldItalic.ttf */; };
		622EC88726A703D400786192 /* OpenSans-SemiBold.ttf in Resources */ = {isa = PBXBuildFile; fileRef = 622EC87D26A703D400786192 /* OpenSans-SemiBold.ttf */; };
		622EC88826A703D400786192 /* OpenSans-SemiBoldItalic.ttf in Resources */ = {isa = PBXBuildFile; fileRef = 622EC87E26A703D400786192 /* OpenSans-SemiBoldItalic.ttf */; };
		622EC88926A703D400786192 /* OpenSans-BoldItalic.ttf in Resources */ = {isa = PBXBuildFile; fileRef = 622EC87F26A703D400786192 /* OpenSans-BoldItalic.ttf */; };
		622EC88A26A703D400786192 /* OpenSans-Light.ttf in Resources */ = {isa = PBXBuildFile; fileRef = 622EC88026A703D400786192 /* OpenSans-Light.ttf */; };
		622EC88B26A703D400786192 /* OpenSans-Regular.ttf in Resources */ = {isa = PBXBuildFile; fileRef = 622EC88126A703D400786192 /* OpenSans-Regular.ttf */; };
		622EC88C26A703D400786192 /* OpenSans-ExtraBold.ttf in Resources */ = {isa = PBXBuildFile; fileRef = 622EC88226A703D400786192 /* OpenSans-ExtraBold.ttf */; };
		622EC89026A704B700786192 /* Raleway-VariableFont_wght.ttf in Resources */ = {isa = PBXBuildFile; fileRef = 622EC88E26A704B700786192 /* Raleway-VariableFont_wght.ttf */; };
		6234399D278EE0E20016093C /* SearchButton.swift in Sources */ = {isa = PBXBuildFile; fileRef = 6234399C278EE0E20016093C /* SearchButton.swift */; };
		624D0F7027E9017B003CC730 /* PlaylistEntry.swift in Sources */ = {isa = PBXBuildFile; fileRef = 624D0F6F27E9017B003CC730 /* PlaylistEntry.swift */; };
		624D0F7227E9C5A2003CC730 /* StringIDWrapper.swift in Sources */ = {isa = PBXBuildFile; fileRef = 624D0F7127E9C5A2003CC730 /* StringIDWrapper.swift */; };
		624D0F7627E9CA9C003CC730 /* StringURLWrapper.swift in Sources */ = {isa = PBXBuildFile; fileRef = 624D0F7527E9CA9C003CC730 /* StringURLWrapper.swift */; };
		624D0F7827EA21D8003CC730 /* ObservableObject+getUrl.swift in Sources */ = {isa = PBXBuildFile; fileRef = 624D0F7727EA21D8003CC730 /* ObservableObject+getUrl.swift */; };
		6265814A27FECE130037D6A8 /* FirstRankCell.swift in Sources */ = {isa = PBXBuildFile; fileRef = 6265814927FECE130037D6A8 /* FirstRankCell.swift */; };
		6265818227FEDA500037D6A8 /* CiThemesApp.swift in Sources */ = {isa = PBXBuildFile; fileRef = 6265818127FEDA500037D6A8 /* CiThemesApp.swift */; };
		6265818427FEDF8C0037D6A8 /* PodiumCell.swift in Sources */ = {isa = PBXBuildFile; fileRef = 6265818327FEDF8C0037D6A8 /* PodiumCell.swift */; };
		627E4A5028081ADB007B4107 /* Validator.swift in Sources */ = {isa = PBXBuildFile; fileRef = 627E4A4F28081ADB007B4107 /* Validator.swift */; };
		62858BDB2799563B005C0D34 /* SongSearch.swift in Sources */ = {isa = PBXBuildFile; fileRef = 62858BDA2799563B005C0D34 /* SongSearch.swift */; };
		62858BE127995E3C005C0D34 /* SearchBar.swift in Sources */ = {isa = PBXBuildFile; fileRef = 62858BE027995E3C005C0D34 /* SearchBar.swift */; };
		62858BE327998122005C0D34 /* RalewayDots-Regular.ttf in Resources */ = {isa = PBXBuildFile; fileRef = 62858BE227997D35005C0D34 /* RalewayDots-Regular.ttf */; };
		62858BE527998AA5005C0D34 /* SongSearchViewModel.swift in Sources */ = {isa = PBXBuildFile; fileRef = 62858BE427998AA5005C0D34 /* SongSearchViewModel.swift */; };
		62858BE7279ADD6E005C0D34 /* SongInfo.swift in Sources */ = {isa = PBXBuildFile; fileRef = 62858BE6279ADD6E005C0D34 /* SongInfo.swift */; };
		628FFA722784AF1300343216 /* SongDetailViewModel.swift in Sources */ = {isa = PBXBuildFile; fileRef = 628FFA712784AF1300343216 /* SongDetailViewModel.swift */; };
		629D18B12805697A0014F2E1 /* LoginSignUp.swift in Sources */ = {isa = PBXBuildFile; fileRef = 629D18B02805697A0014F2E1 /* LoginSignUp.swift */; };
		629D18B428056D680014F2E1 /* UsernameField.swift in Sources */ = {isa = PBXBuildFile; fileRef = 629D18B328056D680014F2E1 /* UsernameField.swift */; };
		629D18B62805833B0014F2E1 /* PasswordField.swift in Sources */ = {isa = PBXBuildFile; fileRef = 629D18B52805833B0014F2E1 /* PasswordField.swift */; };
		629D18B82805A0C50014F2E1 /* User.swift in Sources */ = {isa = PBXBuildFile; fileRef = 629D18B72805A0C50014F2E1 /* User.swift */; };
		629D18BA2805A1450014F2E1 /* UserViewModel.swift in Sources */ = {isa = PBXBuildFile; fileRef = 629D18B92805A1450014F2E1 /* UserViewModel.swift */; };
		629D18C02805CDDC0014F2E1 /* Login.swift in Sources */ = {isa = PBXBuildFile; fileRef = 629D18BF2805CDDC0014F2E1 /* Login.swift */; };
		629D18C22805CE860014F2E1 /* SignUp.swift in Sources */ = {isa = PBXBuildFile; fileRef = 629D18C12805CE860014F2E1 /* SignUp.swift */; };
		62A3549427DB680E00161906 /* SongDetails.swift in Sources */ = {isa = PBXBuildFile; fileRef = 62A3549327DB680E00161906 /* SongDetails.swift */; };
		62AB2C86280FF52700A57371 /* Authenticator.swift in Sources */ = {isa = PBXBuildFile; fileRef = 62AB2C85280FF52700A57371 /* Authenticator.swift */; };
		62AB2C88280FF64D00A57371 /* AccessToken.swift in Sources */ = {isa = PBXBuildFile; fileRef = 62AB2C87280FF64D00A57371 /* AccessToken.swift */; };
		62AB2C8A280FF67A00A57371 /* RefreshToken.swift in Sources */ = {isa = PBXBuildFile; fileRef = 62AB2C89280FF67A00A57371 /* RefreshToken.swift */; };
		62AB2C8C281005ED00A57371 /* String+b64Padding.swift in Sources */ = {isa = PBXBuildFile; fileRef = 62AB2C8B281005ED00A57371 /* String+b64Padding.swift */; };
		62AB2C912810532F00A57371 /* RefreshableScrollView.swift in Sources */ = {isa = PBXBuildFile; fileRef = 62AB2C902810532F00A57371 /* RefreshableScrollView.swift */; };
		62AB2C9A2811C7CC00A57371 /* Int+Formatting.swift in Sources */ = {isa = PBXBuildFile; fileRef = 62AB2C992811C7CC00A57371 /* Int+Formatting.swift */; };
		62AB2C9D2812A2C100A57371 /* NetworkManager.swift in Sources */ = {isa = PBXBuildFile; fileRef = 62AB2C9C2812A2C100A57371 /* NetworkManager.swift */; };
		62BEA20927FF19410002FFA9 /* LaunchScreen.storyboard in Resources */ = {isa = PBXBuildFile; fileRef = 62BEA20527FF19400002FFA9 /* LaunchScreen.storyboard */; };
		62BEA20C27FF1A790002FFA9 /* PlaylistCell.swift in Sources */ = {isa = PBXBuildFile; fileRef = 62BEA20B27FF1A790002FFA9 /* PlaylistCell.swift */; };
		62BEA20E27FF20F40002FFA9 /* CityPlaylist.swift in Sources */ = {isa = PBXBuildFile; fileRef = 62BEA20D27FF20F40002FFA9 /* CityPlaylist.swift */; };
		62BEA21028002FE30002FFA9 /* NormalCell.swift in Sources */ = {isa = PBXBuildFile; fileRef = 62BEA20F28002FE30002FFA9 /* NormalCell.swift */; };
		62C41A9A2780932B00B6490E /* PlaylistViewModel.swift in Sources */ = {isa = PBXBuildFile; fileRef = 62C41A992780932B00B6490E /* PlaylistViewModel.swift */; };
		62F545A3280D57140028C260 /* APIError.swift in Sources */ = {isa = PBXBuildFile; fileRef = 62F545A2280D57140028C260 /* APIError.swift */; };
		62F545A5280DA6660028C260 /* JWTWrapper.swift in Sources */ = {isa = PBXBuildFile; fileRef = 62F545A4280DA6660028C260 /* JWTWrapper.swift */; };
		62FA332E27D6368200B07426 /* env.plist in Resources */ = {isa = PBXBuildFile; fileRef = 62FA332D27D6368100B07426 /* env.plist */; };
		62FA333227DA408600B07426 /* TimeInterval+Conversions.swift in Sources */ = {isa = PBXBuildFile; fileRef = 62FA333127DA408600B07426 /* TimeInterval+Conversions.swift */; };
		62FA333427DA4FFD00B07426 /* RootResponse.swift in Sources */ = {isa = PBXBuildFile; fileRef = 62FA333327DA4FFD00B07426 /* RootResponse.swift */; };
/* End PBXBuildFile section */

/* Begin PBXContainerItemProxy section */
		622EC85126A6EECA00786192 /* PBXContainerItemProxy */ = {
			isa = PBXContainerItemProxy;
			containerPortal = 622EC83226A6EEC900786192 /* Project object */;
			proxyType = 1;
			remoteGlobalIDString = 622EC83926A6EEC900786192;
			remoteInfo = "CiThemes iOS";
		};
		622EC85C26A6EECA00786192 /* PBXContainerItemProxy */ = {
			isa = PBXContainerItemProxy;
			containerPortal = 622EC83226A6EEC900786192 /* Project object */;
			proxyType = 1;
			remoteGlobalIDString = 622EC83926A6EEC900786192;
			remoteInfo = "CiThemes iOS";
		};
/* End PBXContainerItemProxy section */

/* Begin PBXFileReference section */
		6207D28A279EDBEE00969803 /* SongSearchResult.swift */ = {isa = PBXFileReference; lastKnownFileType = sourcecode.swift; path = SongSearchResult.swift; sourceTree = "<group>"; };
		6207D28D279EE63100969803 /* Color+Theme.swift */ = {isa = PBXFileReference; lastKnownFileType = sourcecode.swift; path = "Color+Theme.swift"; sourceTree = "<group>"; };
		6207D28F27A0565C00969803 /* RemoteImage.swift */ = {isa = PBXFileReference; lastKnownFileType = sourcecode.swift; path = RemoteImage.swift; sourceTree = "<group>"; };
		6207D29327A1655400969803 /* Font+Custom.swift */ = {isa = PBXFileReference; lastKnownFileType = sourcecode.swift; path = "Font+Custom.swift"; sourceTree = "<group>"; };
		6224B8E82806DD3F0004AEEA /* KeychainHelper.swift */ = {isa = PBXFileReference; lastKnownFileType = sourcecode.swift; path = KeychainHelper.swift; sourceTree = "<group>"; };
		6224B8EA280700FD0004AEEA /* UserToken.swift */ = {isa = PBXFileReference; lastKnownFileType = sourcecode.swift; path = UserToken.swift; sourceTree = "<group>"; };
		6224B8EC28072FD00004AEEA /* FlippableView.swift */ = {isa = PBXFileReference; lastKnownFileType = sourcecode.swift; path = FlippableView.swift; sourceTree = "<group>"; };
		622EC83A26A6EEC900786192 /* CiThemes.app */ = {isa = PBXFileReference; explicitFileType = wrapper.application; includeInIndex = 0; path = CiThemes.app; sourceTree = BUILT_PRODUCTS_DIR; };
		622EC83F26A6EEC900786192 /* SceneDelegate.swift */ = {isa = PBXFileReference; lastKnownFileType = sourcecode.swift; path = SceneDelegate.swift; sourceTree = "<group>"; };
		622EC84626A6EECA00786192 /* Assets.xcassets */ = {isa = PBXFileReference; lastKnownFileType = folder.assetcatalog; path = Assets.xcassets; sourceTree = "<group>"; };
		622EC84B26A6EECA00786192 /* Info.plist */ = {isa = PBXFileReference; lastKnownFileType = text.plist.xml; path = Info.plist; sourceTree = "<group>"; };
		622EC85026A6EECA00786192 /* CiThemes iOSTests.xctest */ = {isa = PBXFileReference; explicitFileType = wrapper.cfbundle; includeInIndex = 0; path = "CiThemes iOSTests.xctest"; sourceTree = BUILT_PRODUCTS_DIR; };
		622EC85426A6EECA00786192 /* CiThemes_iOSTests.swift */ = {isa = PBXFileReference; lastKnownFileType = sourcecode.swift; path = CiThemes_iOSTests.swift; sourceTree = "<group>"; };
		622EC85626A6EECA00786192 /* Info.plist */ = {isa = PBXFileReference; lastKnownFileType = text.plist.xml; path = Info.plist; sourceTree = "<group>"; };
		622EC85B26A6EECA00786192 /* CiThemes iOSUITests.xctest */ = {isa = PBXFileReference; explicitFileType = wrapper.cfbundle; includeInIndex = 0; path = "CiThemes iOSUITests.xctest"; sourceTree = BUILT_PRODUCTS_DIR; };
		622EC85F26A6EECA00786192 /* CiThemes_iOSUITests.swift */ = {isa = PBXFileReference; lastKnownFileType = sourcecode.swift; path = CiThemes_iOSUITests.swift; sourceTree = "<group>"; };
		622EC86126A6EECA00786192 /* Info.plist */ = {isa = PBXFileReference; lastKnownFileType = text.plist.xml; path = Info.plist; sourceTree = "<group>"; };
		622EC87926A703D300786192 /* OpenSans-Italic.ttf */ = {isa = PBXFileReference; lastKnownFileType = file; path = "OpenSans-Italic.ttf"; sourceTree = "<group>"; };
		622EC87A26A703D400786192 /* OpenSans-LightItalic.ttf */ = {isa = PBXFileReference; lastKnownFileType = file; path = "OpenSans-LightItalic.ttf"; sourceTree = "<group>"; };
		622EC87B26A703D400786192 /* OpenSans-Bold.ttf */ = {isa = PBXFileReference; lastKnownFileType = file; path = "OpenSans-Bold.ttf"; sourceTree = "<group>"; };
		622EC87C26A703D400786192 /* OpenSans-ExtraBoldItalic.ttf */ = {isa = PBXFileReference; lastKnownFileType = file; path = "OpenSans-ExtraBoldItalic.ttf"; sourceTree = "<group>"; };
		622EC87D26A703D400786192 /* OpenSans-SemiBold.ttf */ = {isa = PBXFileReference; lastKnownFileType = file; path = "OpenSans-SemiBold.ttf"; sourceTree = "<group>"; };
		622EC87E26A703D400786192 /* OpenSans-SemiBoldItalic.ttf */ = {isa = PBXFileReference; lastKnownFileType = file; path = "OpenSans-SemiBoldItalic.ttf"; sourceTree = "<group>"; };
		622EC87F26A703D400786192 /* OpenSans-BoldItalic.ttf */ = {isa = PBXFileReference; lastKnownFileType = file; path = "OpenSans-BoldItalic.ttf"; sourceTree = "<group>"; };
		622EC88026A703D400786192 /* OpenSans-Light.ttf */ = {isa = PBXFileReference; lastKnownFileType = file; path = "OpenSans-Light.ttf"; sourceTree = "<group>"; };
		622EC88126A703D400786192 /* OpenSans-Regular.ttf */ = {isa = PBXFileReference; lastKnownFileType = file; path = "OpenSans-Regular.ttf"; sourceTree = "<group>"; };
		622EC88226A703D400786192 /* OpenSans-ExtraBold.ttf */ = {isa = PBXFileReference; lastKnownFileType = file; path = "OpenSans-ExtraBold.ttf"; sourceTree = "<group>"; };
		622EC88E26A704B700786192 /* Raleway-VariableFont_wght.ttf */ = {isa = PBXFileReference; lastKnownFileType = file; path = "Raleway-VariableFont_wght.ttf"; sourceTree = "<group>"; };
		6234399C278EE0E20016093C /* SearchButton.swift */ = {isa = PBXFileReference; lastKnownFileType = sourcecode.swift; path = SearchButton.swift; sourceTree = "<group>"; };
		624D0F6F27E9017B003CC730 /* PlaylistEntry.swift */ = {isa = PBXFileReference; lastKnownFileType = sourcecode.swift; path = PlaylistEntry.swift; sourceTree = "<group>"; };
		624D0F7127E9C5A2003CC730 /* StringIDWrapper.swift */ = {isa = PBXFileReference; lastKnownFileType = sourcecode.swift; path = StringIDWrapper.swift; sourceTree = "<group>"; };
		624D0F7527E9CA9C003CC730 /* StringURLWrapper.swift */ = {isa = PBXFileReference; lastKnownFileType = sourcecode.swift; path = StringURLWrapper.swift; sourceTree = "<group>"; };
		624D0F7727EA21D8003CC730 /* ObservableObject+getUrl.swift */ = {isa = PBXFileReference; lastKnownFileType = sourcecode.swift; path = "ObservableObject+getUrl.swift"; sourceTree = "<group>"; };
		6265814927FECE130037D6A8 /* FirstRankCell.swift */ = {isa = PBXFileReference; lastKnownFileType = sourcecode.swift; path = FirstRankCell.swift; sourceTree = "<group>"; };
		6265818127FEDA500037D6A8 /* CiThemesApp.swift */ = {isa = PBXFileReference; lastKnownFileType = sourcecode.swift; path = CiThemesApp.swift; sourceTree = "<group>"; };
		6265818327FEDF8C0037D6A8 /* PodiumCell.swift */ = {isa = PBXFileReference; lastKnownFileType = sourcecode.swift; path = PodiumCell.swift; sourceTree = "<group>"; };
		627E4A4F28081ADB007B4107 /* Validator.swift */ = {isa = PBXFileReference; lastKnownFileType = sourcecode.swift; path = Validator.swift; sourceTree = "<group>"; };
		62858BDA2799563B005C0D34 /* SongSearch.swift */ = {isa = PBXFileReference; lastKnownFileType = sourcecode.swift; path = SongSearch.swift; sourceTree = "<group>"; };
		62858BE027995E3C005C0D34 /* SearchBar.swift */ = {isa = PBXFileReference; lastKnownFileType = sourcecode.swift; path = SearchBar.swift; sourceTree = "<group>"; };
		62858BE227997D35005C0D34 /* RalewayDots-Regular.ttf */ = {isa = PBXFileReference; lastKnownFileType = file; path = "RalewayDots-Regular.ttf"; sourceTree = "<group>"; };
		62858BE427998AA5005C0D34 /* SongSearchViewModel.swift */ = {isa = PBXFileReference; lastKnownFileType = sourcecode.swift; path = SongSearchViewModel.swift; sourceTree = "<group>"; };
		62858BE6279ADD6E005C0D34 /* SongInfo.swift */ = {isa = PBXFileReference; fileEncoding = 4; lastKnownFileType = sourcecode.swift; path = SongInfo.swift; sourceTree = "<group>"; };
		628FFA712784AF1300343216 /* SongDetailViewModel.swift */ = {isa = PBXFileReference; lastKnownFileType = sourcecode.swift; path = SongDetailViewModel.swift; sourceTree = "<group>"; };
		629D18B02805697A0014F2E1 /* LoginSignUp.swift */ = {isa = PBXFileReference; lastKnownFileType = sourcecode.swift; path = LoginSignUp.swift; sourceTree = "<group>"; };
		629D18B328056D680014F2E1 /* UsernameField.swift */ = {isa = PBXFileReference; lastKnownFileType = sourcecode.swift; path = UsernameField.swift; sourceTree = "<group>"; };
		629D18B52805833B0014F2E1 /* PasswordField.swift */ = {isa = PBXFileReference; lastKnownFileType = sourcecode.swift; path = PasswordField.swift; sourceTree = "<group>"; };
		629D18B72805A0C50014F2E1 /* User.swift */ = {isa = PBXFileReference; lastKnownFileType = sourcecode.swift; path = User.swift; sourceTree = "<group>"; };
		629D18B92805A1450014F2E1 /* UserViewModel.swift */ = {isa = PBXFileReference; lastKnownFileType = sourcecode.swift; path = UserViewModel.swift; sourceTree = "<group>"; };
		629D18BF2805CDDC0014F2E1 /* Login.swift */ = {isa = PBXFileReference; lastKnownFileType = sourcecode.swift; path = Login.swift; sourceTree = "<group>"; };
		629D18C12805CE860014F2E1 /* SignUp.swift */ = {isa = PBXFileReference; lastKnownFileType = sourcecode.swift; path = SignUp.swift; sourceTree = "<group>"; };
		62A3549327DB680E00161906 /* SongDetails.swift */ = {isa = PBXFileReference; lastKnownFileType = sourcecode.swift; path = SongDetails.swift; sourceTree = "<group>"; };
		62AB2C85280FF52700A57371 /* Authenticator.swift */ = {isa = PBXFileReference; lastKnownFileType = sourcecode.swift; path = Authenticator.swift; sourceTree = "<group>"; };
		62AB2C87280FF64D00A57371 /* AccessToken.swift */ = {isa = PBXFileReference; lastKnownFileType = sourcecode.swift; path = AccessToken.swift; sourceTree = "<group>"; };
		62AB2C89280FF67A00A57371 /* RefreshToken.swift */ = {isa = PBXFileReference; lastKnownFileType = sourcecode.swift; path = RefreshToken.swift; sourceTree = "<group>"; };
		62AB2C8B281005ED00A57371 /* String+b64Padding.swift */ = {isa = PBXFileReference; lastKnownFileType = sourcecode.swift; path = "String+b64Padding.swift"; sourceTree = "<group>"; };
		62AB2C902810532F00A57371 /* RefreshableScrollView.swift */ = {isa = PBXFileReference; lastKnownFileType = sourcecode.swift; path = RefreshableScrollView.swift; sourceTree = "<group>"; };
		62AB2C992811C7CC00A57371 /* Int+Formatting.swift */ = {isa = PBXFileReference; lastKnownFileType = sourcecode.swift; path = "Int+Formatting.swift"; sourceTree = "<group>"; };
		62AB2C9C2812A2C100A57371 /* NetworkManager.swift */ = {isa = PBXFileReference; lastKnownFileType = sourcecode.swift; path = NetworkManager.swift; sourceTree = "<group>"; };
		62BEA20627FF19400002FFA9 /* Base */ = {isa = PBXFileReference; lastKnownFileType = file.storyboard; name = Base; path = Base.lproj/LaunchScreen.storyboard; sourceTree = "<group>"; };
		62BEA20B27FF1A790002FFA9 /* PlaylistCell.swift */ = {isa = PBXFileReference; lastKnownFileType = sourcecode.swift; path = PlaylistCell.swift; sourceTree = "<group>"; };
		62BEA20D27FF20F40002FFA9 /* CityPlaylist.swift */ = {isa = PBXFileReference; lastKnownFileType = sourcecode.swift; path = CityPlaylist.swift; sourceTree = "<group>"; };
		62BEA20F28002FE30002FFA9 /* NormalCell.swift */ = {isa = PBXFileReference; lastKnownFileType = sourcecode.swift; path = NormalCell.swift; sourceTree = "<group>"; };
		62C41A992780932B00B6490E /* PlaylistViewModel.swift */ = {isa = PBXFileReference; lastKnownFileType = sourcecode.swift; path = PlaylistViewModel.swift; sourceTree = "<group>"; };
		62F545A2280D57140028C260 /* APIError.swift */ = {isa = PBXFileReference; lastKnownFileType = sourcecode.swift; path = APIError.swift; sourceTree = "<group>"; };
		62F545A4280DA6660028C260 /* JWTWrapper.swift */ = {isa = PBXFileReference; lastKnownFileType = sourcecode.swift; path = JWTWrapper.swift; sourceTree = "<group>"; };
		62FA332D27D6368100B07426 /* env.plist */ = {isa = PBXFileReference; lastKnownFileType = text.plist.xml; path = env.plist; sourceTree = "<group>"; };
		62FA333127DA408600B07426 /* TimeInterval+Conversions.swift */ = {isa = PBXFileReference; lastKnownFileType = sourcecode.swift; path = "TimeInterval+Conversions.swift"; sourceTree = "<group>"; };
		62FA333327DA4FFD00B07426 /* RootResponse.swift */ = {isa = PBXFileReference; lastKnownFileType = sourcecode.swift; path = RootResponse.swift; sourceTree = "<group>"; };
/* End PBXFileReference section */

/* Begin PBXFrameworksBuildPhase section */
		622EC83726A6EEC900786192 /* Frameworks */ = {
			isa = PBXFrameworksBuildPhase;
			buildActionMask = 2147483647;
			files = (
			);
			runOnlyForDeploymentPostprocessing = 0;
		};
		622EC84D26A6EECA00786192 /* Frameworks */ = {
			isa = PBXFrameworksBuildPhase;
			buildActionMask = 2147483647;
			files = (
			);
			runOnlyForDeploymentPostprocessing = 0;
		};
		622EC85826A6EECA00786192 /* Frameworks */ = {
			isa = PBXFrameworksBuildPhase;
			buildActionMask = 2147483647;
			files = (
			);
			runOnlyForDeploymentPostprocessing = 0;
		};
/* End PBXFrameworksBuildPhase section */

/* Begin PBXGroup section */
		6207D28C279EE61F00969803 /* Utils */ = {
			isa = PBXGroup;
			children = (
				62AB2C9B2812A26B00A57371 /* Networking */,
				62AB2C8F2810529500A57371 /* Wrappers */,
				62AB2C8E2810527C00A57371 /* Extensions */,
				62AB2C8D2810526500A57371 /* Views */,
				6224B8E82806DD3F0004AEEA /* KeychainHelper.swift */,
				627E4A4F28081ADB007B4107 /* Validator.swift */,
			);
			path = Utils;
			sourceTree = "<group>";
		};
		622EC83126A6EEC900786192 = {
			isa = PBXGroup;
			children = (
				622EC83C26A6EEC900786192 /* CiThemes iOS */,
				622EC85326A6EECA00786192 /* CiThemes iOSTests */,
				622EC85E26A6EECA00786192 /* CiThemes iOSUITests */,
				622EC83B26A6EEC900786192 /* Products */,
			);
			sourceTree = "<group>";
		};
		622EC83B26A6EEC900786192 /* Products */ = {
			isa = PBXGroup;
			children = (
				622EC83A26A6EEC900786192 /* CiThemes.app */,
				622EC85026A6EECA00786192 /* CiThemes iOSTests.xctest */,
				622EC85B26A6EECA00786192 /* CiThemes iOSUITests.xctest */,
			);
			name = Products;
			sourceTree = "<group>";
		};
		622EC83C26A6EEC900786192 /* CiThemes iOS */ = {
			isa = PBXGroup;
			children = (
				622EC89126A70A0800786192 /* Models */,
				622EC86F26A6F0BF00786192 /* Views */,
				62C41A982780931500B6490E /* ViewModels */,
				622EC87826A703B400786192 /* fonts */,
				6207D28C279EE61F00969803 /* Utils */,
				62BEA20527FF19400002FFA9 /* LaunchScreen.storyboard */,
				622EC83F26A6EEC900786192 /* SceneDelegate.swift */,
				622EC84626A6EECA00786192 /* Assets.xcassets */,
				622EC84B26A6EECA00786192 /* Info.plist */,
				62FA332D27D6368100B07426 /* env.plist */,
				6265818127FEDA500037D6A8 /* CiThemesApp.swift */,
			);
			path = "CiThemes iOS";
			sourceTree = "<group>";
		};
		622EC85326A6EECA00786192 /* CiThemes iOSTests */ = {
			isa = PBXGroup;
			children = (
				622EC85426A6EECA00786192 /* CiThemes_iOSTests.swift */,
				622EC85626A6EECA00786192 /* Info.plist */,
			);
			path = "CiThemes iOSTests";
			sourceTree = "<group>";
		};
		622EC85E26A6EECA00786192 /* CiThemes iOSUITests */ = {
			isa = PBXGroup;
			children = (
				622EC85F26A6EECA00786192 /* CiThemes_iOSUITests.swift */,
				622EC86126A6EECA00786192 /* Info.plist */,
			);
			path = "CiThemes iOSUITests";
			sourceTree = "<group>";
		};
		622EC86F26A6F0BF00786192 /* Views */ = {
			isa = PBXGroup;
			children = (
				62AB2C9328115D4400A57371 /* Playlist */,
				629D18B228056D410014F2E1 /* Login Sign Up */,
				62858BDA2799563B005C0D34 /* SongSearch.swift */,
				62A3549327DB680E00161906 /* SongDetails.swift */,
				6234399C278EE0E20016093C /* SearchButton.swift */,
				62858BE027995E3C005C0D34 /* SearchBar.swift */,
				6207D28A279EDBEE00969803 /* SongSearchResult.swift */,
			);
			path = Views;
			sourceTree = "<group>";
		};
		622EC87826A703B400786192 /* fonts */ = {
			isa = PBXGroup;
			children = (
				62858BE227997D35005C0D34 /* RalewayDots-Regular.ttf */,
				622EC88E26A704B700786192 /* Raleway-VariableFont_wght.ttf */,
				622EC87B26A703D400786192 /* OpenSans-Bold.ttf */,
				622EC87F26A703D400786192 /* OpenSans-BoldItalic.ttf */,
				622EC88226A703D400786192 /* OpenSans-ExtraBold.ttf */,
				622EC87C26A703D400786192 /* OpenSans-ExtraBoldItalic.ttf */,
				622EC87926A703D300786192 /* OpenSans-Italic.ttf */,
				622EC88026A703D400786192 /* OpenSans-Light.ttf */,
				622EC87A26A703D400786192 /* OpenSans-LightItalic.ttf */,
				622EC88126A703D400786192 /* OpenSans-Regular.ttf */,
				622EC87D26A703D400786192 /* OpenSans-SemiBold.ttf */,
				622EC87E26A703D400786192 /* OpenSans-SemiBoldItalic.ttf */,
			);
			path = fonts;
			sourceTree = "<group>";
		};
		622EC89126A70A0800786192 /* Models */ = {
			isa = PBXGroup;
			children = (
				62858BE6279ADD6E005C0D34 /* SongInfo.swift */,
				624D0F6F27E9017B003CC730 /* PlaylistEntry.swift */,
				629D18B72805A0C50014F2E1 /* User.swift */,
				6224B8EA280700FD0004AEEA /* UserToken.swift */,
				62AB2C87280FF64D00A57371 /* AccessToken.swift */,
				62AB2C89280FF67A00A57371 /* RefreshToken.swift */,
			);
			path = Models;
			sourceTree = "<group>";
		};
		629D18B228056D410014F2E1 /* Login Sign Up */ = {
			isa = PBXGroup;
			children = (
				629D18B02805697A0014F2E1 /* LoginSignUp.swift */,
				629D18B328056D680014F2E1 /* UsernameField.swift */,
				629D18B52805833B0014F2E1 /* PasswordField.swift */,
				629D18BF2805CDDC0014F2E1 /* Login.swift */,
				629D18C12805CE860014F2E1 /* SignUp.swift */,
			);
			name = "Login Sign Up";
			sourceTree = "<group>";
		};
		62AB2C8D2810526500A57371 /* Views */ = {
			isa = PBXGroup;
			children = (
				6224B8EC28072FD00004AEEA /* FlippableView.swift */,
				6207D28F27A0565C00969803 /* RemoteImage.swift */,
				62AB2C902810532F00A57371 /* RefreshableScrollView.swift */,
			);
			name = Views;
			sourceTree = "<group>";
		};
		62AB2C8E2810527C00A57371 /* Extensions */ = {
			isa = PBXGroup;
			children = (
				62FA333127DA408600B07426 /* TimeInterval+Conversions.swift */,
				6207D28D279EE63100969803 /* Color+Theme.swift */,
				6207D29327A1655400969803 /* Font+Custom.swift */,
				624D0F7727EA21D8003CC730 /* ObservableObject+getUrl.swift */,
				62AB2C8B281005ED00A57371 /* String+b64Padding.swift */,
				62AB2C992811C7CC00A57371 /* Int+Formatting.swift */,
			);
			path = Extensions;
			sourceTree = "<group>";
		};
		62AB2C8F2810529500A57371 /* Wrappers */ = {
			isa = PBXGroup;
			children = (
				624D0F7527E9CA9C003CC730 /* StringURLWrapper.swift */,
				62F545A4280DA6660028C260 /* JWTWrapper.swift */,
				624D0F7127E9C5A2003CC730 /* StringIDWrapper.swift */,
			);
			name = Wrappers;
			sourceTree = "<group>";
		};
		62AB2C9328115D4400A57371 /* Playlist */ = {
			isa = PBXGroup;
			children = (
				62BEA20D27FF20F40002FFA9 /* CityPlaylist.swift */,
				62BEA20F28002FE30002FFA9 /* NormalCell.swift */,
				62BEA20B27FF1A790002FFA9 /* PlaylistCell.swift */,
				6265818327FEDF8C0037D6A8 /* PodiumCell.swift */,
				6265814927FECE130037D6A8 /* FirstRankCell.swift */,
			);
			name = Playlist;
			sourceTree = "<group>";
		};
		62AB2C9B2812A26B00A57371 /* Networking */ = {
			isa = PBXGroup;
			children = (
				62FA333327DA4FFD00B07426 /* RootResponse.swift */,
				62F545A2280D57140028C260 /* APIError.swift */,
				62AB2C85280FF52700A57371 /* Authenticator.swift */,
				62AB2C9C2812A2C100A57371 /* NetworkManager.swift */,
			);
			path = Networking;
			sourceTree = "<group>";
		};
		62C41A982780931500B6490E /* ViewModels */ = {
			isa = PBXGroup;
			children = (
				62C41A992780932B00B6490E /* PlaylistViewModel.swift */,
				628FFA712784AF1300343216 /* SongDetailViewModel.swift */,
				62858BE427998AA5005C0D34 /* SongSearchViewModel.swift */,
				629D18B92805A1450014F2E1 /* UserViewModel.swift */,
			);
			path = ViewModels;
			sourceTree = "<group>";
		};
/* End PBXGroup section */

/* Begin PBXNativeTarget section */
		622EC83926A6EEC900786192 /* CiThemes */ = {
			isa = PBXNativeTarget;
			buildConfigurationList = 622EC86426A6EECA00786192 /* Build configuration list for PBXNativeTarget "CiThemes" */;
			buildPhases = (
				622EC83626A6EEC900786192 /* Sources */,
				622EC83726A6EEC900786192 /* Frameworks */,
				622EC83826A6EEC900786192 /* Resources */,
			);
			buildRules = (
			);
			dependencies = (
			);
			name = CiThemes;
			productName = "CiThemes iOS";
			productReference = 622EC83A26A6EEC900786192 /* CiThemes.app */;
			productType = "com.apple.product-type.application";
		};
		622EC84F26A6EECA00786192 /* CiThemes iOSTests */ = {
			isa = PBXNativeTarget;
			buildConfigurationList = 622EC86726A6EECA00786192 /* Build configuration list for PBXNativeTarget "CiThemes iOSTests" */;
			buildPhases = (
				622EC84C26A6EECA00786192 /* Sources */,
				622EC84D26A6EECA00786192 /* Frameworks */,
				622EC84E26A6EECA00786192 /* Resources */,
			);
			buildRules = (
			);
			dependencies = (
				622EC85226A6EECA00786192 /* PBXTargetDependency */,
			);
			name = "CiThemes iOSTests";
			productName = "CiThemes iOSTests";
			productReference = 622EC85026A6EECA00786192 /* CiThemes iOSTests.xctest */;
			productType = "com.apple.product-type.bundle.unit-test";
		};
		622EC85A26A6EECA00786192 /* CiThemes iOSUITests */ = {
			isa = PBXNativeTarget;
			buildConfigurationList = 622EC86A26A6EECA00786192 /* Build configuration list for PBXNativeTarget "CiThemes iOSUITests" */;
			buildPhases = (
				622EC85726A6EECA00786192 /* Sources */,
				622EC85826A6EECA00786192 /* Frameworks */,
				622EC85926A6EECA00786192 /* Resources */,
			);
			buildRules = (
			);
			dependencies = (
				622EC85D26A6EECA00786192 /* PBXTargetDependency */,
			);
			name = "CiThemes iOSUITests";
			productName = "CiThemes iOSUITests";
			productReference = 622EC85B26A6EECA00786192 /* CiThemes iOSUITests.xctest */;
			productType = "com.apple.product-type.bundle.ui-testing";
		};
/* End PBXNativeTarget section */

/* Begin PBXProject section */
		622EC83226A6EEC900786192 /* Project object */ = {
			isa = PBXProject;
			attributes = {
				LastSwiftUpdateCheck = 1250;
				LastUpgradeCheck = 1250;
				TargetAttributes = {
					622EC83926A6EEC900786192 = {
						CreatedOnToolsVersion = 12.5.1;
					};
					622EC84F26A6EECA00786192 = {
						CreatedOnToolsVersion = 12.5.1;
						TestTargetID = 622EC83926A6EEC900786192;
					};
					622EC85A26A6EECA00786192 = {
						CreatedOnToolsVersion = 12.5.1;
						TestTargetID = 622EC83926A6EEC900786192;
					};
				};
			};
			buildConfigurationList = 622EC83526A6EEC900786192 /* Build configuration list for PBXProject "CiThemes iOS" */;
			compatibilityVersion = "Xcode 9.3";
			developmentRegion = en;
			hasScannedForEncodings = 0;
			knownRegions = (
				en,
				Base,
			);
			mainGroup = 622EC83126A6EEC900786192;
			productRefGroup = 622EC83B26A6EEC900786192 /* Products */;
			projectDirPath = "";
			projectRoot = "";
			targets = (
				622EC83926A6EEC900786192 /* CiThemes */,
				622EC84F26A6EECA00786192 /* CiThemes iOSTests */,
				622EC85A26A6EECA00786192 /* CiThemes iOSUITests */,
			);
		};
/* End PBXProject section */

/* Begin PBXResourcesBuildPhase section */
		622EC83826A6EEC900786192 /* Resources */ = {
			isa = PBXResourcesBuildPhase;
			buildActionMask = 2147483647;
			files = (
				622EC89026A704B700786192 /* Raleway-VariableFont_wght.ttf in Resources */,
				622EC88726A703D400786192 /* OpenSans-SemiBold.ttf in Resources */,
				62FA332E27D6368200B07426 /* env.plist in Resources */,
				622EC88526A703D400786192 /* OpenSans-Bold.ttf in Resources */,
				622EC88926A703D400786192 /* OpenSans-BoldItalic.ttf in Resources */,
				622EC84726A6EECA00786192 /* Assets.xcassets in Resources */,
				622EC88826A703D400786192 /* OpenSans-SemiBoldItalic.ttf in Resources */,
				62BEA20927FF19410002FFA9 /* LaunchScreen.storyboard in Resources */,
				622EC88A26A703D400786192 /* OpenSans-Light.ttf in Resources */,
				622EC88426A703D400786192 /* OpenSans-LightItalic.ttf in Resources */,
				62858BE327998122005C0D34 /* RalewayDots-Regular.ttf in Resources */,
				622EC88C26A703D400786192 /* OpenSans-ExtraBold.ttf in Resources */,
				622EC88326A703D400786192 /* OpenSans-Italic.ttf in Resources */,
				622EC88B26A703D400786192 /* OpenSans-Regular.ttf in Resources */,
				622EC88626A703D400786192 /* OpenSans-ExtraBoldItalic.ttf in Resources */,
			);
			runOnlyForDeploymentPostprocessing = 0;
		};
		622EC84E26A6EECA00786192 /* Resources */ = {
			isa = PBXResourcesBuildPhase;
			buildActionMask = 2147483647;
			files = (
			);
			runOnlyForDeploymentPostprocessing = 0;
		};
		622EC85926A6EECA00786192 /* Resources */ = {
			isa = PBXResourcesBuildPhase;
			buildActionMask = 2147483647;
			files = (
			);
			runOnlyForDeploymentPostprocessing = 0;
		};
/* End PBXResourcesBuildPhase section */

/* Begin PBXSourcesBuildPhase section */
		622EC83626A6EEC900786192 /* Sources */ = {
			isa = PBXSourcesBuildPhase;
			buildActionMask = 2147483647;
			files = (
				62AB2C9D2812A2C100A57371 /* NetworkManager.swift in Sources */,
				6207D29027A0565C00969803 /* RemoteImage.swift in Sources */,
				629D18C02805CDDC0014F2E1 /* Login.swift in Sources */,
				6224B8ED28072FD00004AEEA /* FlippableView.swift in Sources */,
				62AB2C86280FF52700A57371 /* Authenticator.swift in Sources */,
				6224B8EB280700FD0004AEEA /* UserToken.swift in Sources */,
				62AB2C8A280FF67A00A57371 /* RefreshToken.swift in Sources */,
				628FFA722784AF1300343216 /* SongDetailViewModel.swift in Sources */,
				629D18B62805833B0014F2E1 /* PasswordField.swift in Sources */,
				624D0F7027E9017B003CC730 /* PlaylistEntry.swift in Sources */,
				6265818427FEDF8C0037D6A8 /* PodiumCell.swift in Sources */,
				62C41A9A2780932B00B6490E /* PlaylistViewModel.swift in Sources */,
				62AB2C8C281005ED00A57371 /* String+b64Padding.swift in Sources */,
				6265818227FEDA500037D6A8 /* CiThemesApp.swift in Sources */,
				627E4A5028081ADB007B4107 /* Validator.swift in Sources */,
				629D18B82805A0C50014F2E1 /* User.swift in Sources */,
				62F545A5280DA6660028C260 /* JWTWrapper.swift in Sources */,
				62BEA20E27FF20F40002FFA9 /* CityPlaylist.swift in Sources */,
				62BEA20C27FF1A790002FFA9 /* PlaylistCell.swift in Sources */,
				6207D28B279EDBEE00969803 /* SongSearchResult.swift in Sources */,
				629D18C22805CE860014F2E1 /* SignUp.swift in Sources */,
				624D0F7827EA21D8003CC730 /* ObservableObject+getUrl.swift in Sources */,
				6207D28E279EE63100969803 /* Color+Theme.swift in Sources */,
				62858BE7279ADD6E005C0D34 /* SongInfo.swift in Sources */,
				62FA333427DA4FFD00B07426 /* RootResponse.swift in Sources */,
				62858BE527998AA5005C0D34 /* SongSearchViewModel.swift in Sources */,
				62BEA21028002FE30002FFA9 /* NormalCell.swift in Sources */,
				62858BDB2799563B005C0D34 /* SongSearch.swift in Sources */,
				624D0F7227E9C5A2003CC730 /* StringIDWrapper.swift in Sources */,
				6207D29427A1655400969803 /* Font+Custom.swift in Sources */,
				62A3549427DB680E00161906 /* SongDetails.swift in Sources */,
				629D18B12805697A0014F2E1 /* LoginSignUp.swift in Sources */,
				6265814A27FECE130037D6A8 /* FirstRankCell.swift in Sources */,
				629D18B428056D680014F2E1 /* UsernameField.swift in Sources */,
				622EC84026A6EEC900786192 /* SceneDelegate.swift in Sources */,
				629D18BA2805A1450014F2E1 /* UserViewModel.swift in Sources */,
				62AB2C88280FF64D00A57371 /* AccessToken.swift in Sources */,
				62858BE127995E3C005C0D34 /* SearchBar.swift in Sources */,
				6224B8E92806DD3F0004AEEA /* KeychainHelper.swift in Sources */,
				624D0F7627E9CA9C003CC730 /* StringURLWrapper.swift in Sources */,
				62FA333227DA408600B07426 /* TimeInterval+Conversions.swift in Sources */,
				6234399D278EE0E20016093C /* SearchButton.swift in Sources */,
				62AB2C9A2811C7CC00A57371 /* Int+Formatting.swift in Sources */,
				62F545A3280D57140028C260 /* APIError.swift in Sources */,
				62AB2C912810532F00A57371 /* RefreshableScrollView.swift in Sources */,
			);
			runOnlyForDeploymentPostprocessing = 0;
		};
		622EC84C26A6EECA00786192 /* Sources */ = {
			isa = PBXSourcesBuildPhase;
			buildActionMask = 2147483647;
			files = (
				622EC85526A6EECA00786192 /* CiThemes_iOSTests.swift in Sources */,
			);
			runOnlyForDeploymentPostprocessing = 0;
		};
		622EC85726A6EECA00786192 /* Sources */ = {
			isa = PBXSourcesBuildPhase;
			buildActionMask = 2147483647;
			files = (
				622EC86026A6EECA00786192 /* CiThemes_iOSUITests.swift in Sources */,
			);
			runOnlyForDeploymentPostprocessing = 0;
		};
/* End PBXSourcesBuildPhase section */

/* Begin PBXTargetDependency section */
		622EC85226A6EECA00786192 /* PBXTargetDependency */ = {
			isa = PBXTargetDependency;
			target = 622EC83926A6EEC900786192 /* CiThemes */;
			targetProxy = 622EC85126A6EECA00786192 /* PBXContainerItemProxy */;
		};
		622EC85D26A6EECA00786192 /* PBXTargetDependency */ = {
			isa = PBXTargetDependency;
			target = 622EC83926A6EEC900786192 /* CiThemes */;
			targetProxy = 622EC85C26A6EECA00786192 /* PBXContainerItemProxy */;
		};
/* End PBXTargetDependency section */

/* Begin PBXVariantGroup section */
		62BEA20527FF19400002FFA9 /* LaunchScreen.storyboard */ = {
			isa = PBXVariantGroup;
			children = (
				62BEA20627FF19400002FFA9 /* Base */,
			);
			name = LaunchScreen.storyboard;
			sourceTree = "<group>";
		};
/* End PBXVariantGroup section */

/* Begin XCBuildConfiguration section */
		622EC86226A6EECA00786192 /* Debug */ = {
			isa = XCBuildConfiguration;
			buildSettings = {
				ALWAYS_SEARCH_USER_PATHS = NO;
				CLANG_ANALYZER_NONNULL = YES;
				CLANG_ANALYZER_NUMBER_OBJECT_CONVERSION = YES_AGGRESSIVE;
				CLANG_CXX_LANGUAGE_STANDARD = "gnu++14";
				CLANG_CXX_LIBRARY = "libc++";
				CLANG_ENABLE_MODULES = YES;
				CLANG_ENABLE_OBJC_ARC = YES;
				CLANG_ENABLE_OBJC_WEAK = YES;
				CLANG_WARN_BLOCK_CAPTURE_AUTORELEASING = YES;
				CLANG_WARN_BOOL_CONVERSION = YES;
				CLANG_WARN_COMMA = YES;
				CLANG_WARN_CONSTANT_CONVERSION = YES;
				CLANG_WARN_DEPRECATED_OBJC_IMPLEMENTATIONS = YES;
				CLANG_WARN_DIRECT_OBJC_ISA_USAGE = YES_ERROR;
				CLANG_WARN_DOCUMENTATION_COMMENTS = YES;
				CLANG_WARN_EMPTY_BODY = YES;
				CLANG_WARN_ENUM_CONVERSION = YES;
				CLANG_WARN_INFINITE_RECURSION = YES;
				CLANG_WARN_INT_CONVERSION = YES;
				CLANG_WARN_NON_LITERAL_NULL_CONVERSION = YES;
				CLANG_WARN_OBJC_IMPLICIT_RETAIN_SELF = YES;
				CLANG_WARN_OBJC_LITERAL_CONVERSION = YES;
				CLANG_WARN_OBJC_ROOT_CLASS = YES_ERROR;
				CLANG_WARN_QUOTED_INCLUDE_IN_FRAMEWORK_HEADER = YES;
				CLANG_WARN_RANGE_LOOP_ANALYSIS = YES;
				CLANG_WARN_STRICT_PROTOTYPES = YES;
				CLANG_WARN_SUSPICIOUS_MOVE = YES;
				CLANG_WARN_UNGUARDED_AVAILABILITY = YES_AGGRESSIVE;
				CLANG_WARN_UNREACHABLE_CODE = YES;
				CLANG_WARN__DUPLICATE_METHOD_MATCH = YES;
				COPY_PHASE_STRIP = NO;
				DEBUG_INFORMATION_FORMAT = dwarf;
				ENABLE_STRICT_OBJC_MSGSEND = YES;
				ENABLE_TESTABILITY = YES;
				GCC_C_LANGUAGE_STANDARD = gnu11;
				GCC_DYNAMIC_NO_PIC = NO;
				GCC_NO_COMMON_BLOCKS = YES;
				GCC_OPTIMIZATION_LEVEL = 0;
				GCC_PREPROCESSOR_DEFINITIONS = (
					"DEBUG=1",
					"$(inherited)",
				);
				GCC_WARN_64_TO_32_BIT_CONVERSION = YES;
				GCC_WARN_ABOUT_RETURN_TYPE = YES_ERROR;
				GCC_WARN_UNDECLARED_SELECTOR = YES;
				GCC_WARN_UNINITIALIZED_AUTOS = YES_AGGRESSIVE;
				GCC_WARN_UNUSED_FUNCTION = YES;
				GCC_WARN_UNUSED_VARIABLE = YES;
				IPHONEOS_DEPLOYMENT_TARGET = 15.0;
				MTL_ENABLE_DEBUG_INFO = INCLUDE_SOURCE;
				MTL_FAST_MATH = YES;
				ONLY_ACTIVE_ARCH = YES;
				SDKROOT = iphoneos;
				SWIFT_ACTIVE_COMPILATION_CONDITIONS = DEBUG;
				SWIFT_OPTIMIZATION_LEVEL = "-Onone";
			};
			name = Debug;
		};
		622EC86326A6EECA00786192 /* Release */ = {
			isa = XCBuildConfiguration;
			buildSettings = {
				ALWAYS_SEARCH_USER_PATHS = NO;
				CLANG_ANALYZER_NONNULL = YES;
				CLANG_ANALYZER_NUMBER_OBJECT_CONVERSION = YES_AGGRESSIVE;
				CLANG_CXX_LANGUAGE_STANDARD = "gnu++14";
				CLANG_CXX_LIBRARY = "libc++";
				CLANG_ENABLE_MODULES = YES;
				CLANG_ENABLE_OBJC_ARC = YES;
				CLANG_ENABLE_OBJC_WEAK = YES;
				CLANG_WARN_BLOCK_CAPTURE_AUTORELEASING = YES;
				CLANG_WARN_BOOL_CONVERSION = YES;
				CLANG_WARN_COMMA = YES;
				CLANG_WARN_CONSTANT_CONVERSION = YES;
				CLANG_WARN_DEPRECATED_OBJC_IMPLEMENTATIONS = YES;
				CLANG_WARN_DIRECT_OBJC_ISA_USAGE = YES_ERROR;
				CLANG_WARN_DOCUMENTATION_COMMENTS = YES;
				CLANG_WARN_EMPTY_BODY = YES;
				CLANG_WARN_ENUM_CONVERSION = YES;
				CLANG_WARN_INFINITE_RECURSION = YES;
				CLANG_WARN_INT_CONVERSION = YES;
				CLANG_WARN_NON_LITERAL_NULL_CONVERSION = YES;
				CLANG_WARN_OBJC_IMPLICIT_RETAIN_SELF = YES;
				CLANG_WARN_OBJC_LITERAL_CONVERSION = YES;
				CLANG_WARN_OBJC_ROOT_CLASS = YES_ERROR;
				CLANG_WARN_QUOTED_INCLUDE_IN_FRAMEWORK_HEADER = YES;
				CLANG_WARN_RANGE_LOOP_ANALYSIS = YES;
				CLANG_WARN_STRICT_PROTOTYPES = YES;
				CLANG_WARN_SUSPICIOUS_MOVE = YES;
				CLANG_WARN_UNGUARDED_AVAILABILITY = YES_AGGRESSIVE;
				CLANG_WARN_UNREACHABLE_CODE = YES;
				CLANG_WARN__DUPLICATE_METHOD_MATCH = YES;
				COPY_PHASE_STRIP = NO;
				DEBUG_INFORMATION_FORMAT = "dwarf-with-dsym";
				ENABLE_NS_ASSERTIONS = NO;
				ENABLE_STRICT_OBJC_MSGSEND = YES;
				GCC_C_LANGUAGE_STANDARD = gnu11;
				GCC_NO_COMMON_BLOCKS = YES;
				GCC_WARN_64_TO_32_BIT_CONVERSION = YES;
				GCC_WARN_ABOUT_RETURN_TYPE = YES_ERROR;
				GCC_WARN_UNDECLARED_SELECTOR = YES;
				GCC_WARN_UNINITIALIZED_AUTOS = YES_AGGRESSIVE;
				GCC_WARN_UNUSED_FUNCTION = YES;
				GCC_WARN_UNUSED_VARIABLE = YES;
				IPHONEOS_DEPLOYMENT_TARGET = 15.0;
				MTL_ENABLE_DEBUG_INFO = NO;
				MTL_FAST_MATH = YES;
				SDKROOT = iphoneos;
				SWIFT_COMPILATION_MODE = wholemodule;
				SWIFT_OPTIMIZATION_LEVEL = "-O";
				VALIDATE_PRODUCT = YES;
			};
			name = Release;
		};
		622EC86526A6EECA00786192 /* Debug */ = {
			isa = XCBuildConfiguration;
			buildSettings = {
				ASSETCATALOG_COMPILER_APPICON_NAME = AppIcon;
				ASSETCATALOG_COMPILER_GLOBAL_ACCENT_COLOR_NAME = AccentColor;
				CODE_SIGN_STYLE = Automatic;
				CURRENT_PROJECT_VERSION = 4;
				DEVELOPMENT_TEAM = GNZ5A99724;
				INFOPLIST_FILE = "CiThemes iOS/Info.plist";
				LD_RUNPATH_SEARCH_PATHS = (
					"$(inherited)",
					"@executable_path/Frameworks",
				);
				MARKETING_VERSION = 0.1;
				PRODUCT_BUNDLE_IDENTIFIER = loicheinrich.dev.CiThemes;
				PRODUCT_NAME = "$(TARGET_NAME)";
				SWIFT_VERSION = 5.0;
				TARGETED_DEVICE_FAMILY = "1,2";
			};
			name = Debug;
		};
		622EC86626A6EECA00786192 /* Release */ = {
			isa = XCBuildConfiguration;
			buildSettings = {
				ASSETCATALOG_COMPILER_APPICON_NAME = AppIcon;
				ASSETCATALOG_COMPILER_GLOBAL_ACCENT_COLOR_NAME = AccentColor;
				CODE_SIGN_STYLE = Automatic;
				CURRENT_PROJECT_VERSION = 4;
				DEVELOPMENT_TEAM = GNZ5A99724;
				INFOPLIST_FILE = "CiThemes iOS/Info.plist";
				LD_RUNPATH_SEARCH_PATHS = (
					"$(inherited)",
					"@executable_path/Frameworks",
				);
				MARKETING_VERSION = 0.1;
				PRODUCT_BUNDLE_IDENTIFIER = loicheinrich.dev.CiThemes;
				PRODUCT_NAME = "$(TARGET_NAME)";
				SWIFT_VERSION = 5.0;
				TARGETED_DEVICE_FAMILY = "1,2";
			};
			name = Release;
		};
		622EC86826A6EECA00786192 /* Debug */ = {
			isa = XCBuildConfiguration;
			buildSettings = {
				ALWAYS_EMBED_SWIFT_STANDARD_LIBRARIES = YES;
				BUNDLE_LOADER = "$(TEST_HOST)";
				CODE_SIGN_STYLE = Automatic;
				DEVELOPMENT_TEAM = GNZ5A99724;
				INFOPLIST_FILE = "CiThemes iOSTests/Info.plist";
				IPHONEOS_DEPLOYMENT_TARGET = 14.5;
				LD_RUNPATH_SEARCH_PATHS = (
					"$(inherited)",
					"@executable_path/Frameworks",
					"@loader_path/Frameworks",
				);
				PRODUCT_BUNDLE_IDENTIFIER = "loicheinrich.dev.CiThemes-iOSTests";
				PRODUCT_NAME = "$(TARGET_NAME)";
				SWIFT_VERSION = 5.0;
				TARGETED_DEVICE_FAMILY = "1,2";
				TEST_HOST = "$(BUILT_PRODUCTS_DIR)/CiThemes iOS.app/CiThemes iOS";
			};
			name = Debug;
		};
		622EC86926A6EECA00786192 /* Release */ = {
			isa = XCBuildConfiguration;
			buildSettings = {
				ALWAYS_EMBED_SWIFT_STANDARD_LIBRARIES = YES;
				BUNDLE_LOADER = "$(TEST_HOST)";
				CODE_SIGN_STYLE = Automatic;
				DEVELOPMENT_TEAM = GNZ5A99724;
				INFOPLIST_FILE = "CiThemes iOSTests/Info.plist";
				IPHONEOS_DEPLOYMENT_TARGET = 14.5;
				LD_RUNPATH_SEARCH_PATHS = (
					"$(inherited)",
					"@executable_path/Frameworks",
					"@loader_path/Frameworks",
				);
				PRODUCT_BUNDLE_IDENTIFIER = "loicheinrich.dev.CiThemes-iOSTests";
				PRODUCT_NAME = "$(TARGET_NAME)";
				SWIFT_VERSION = 5.0;
				TARGETED_DEVICE_FAMILY = "1,2";
				TEST_HOST = "$(BUILT_PRODUCTS_DIR)/CiThemes iOS.app/CiThemes iOS";
			};
			name = Release;
		};
		622EC86B26A6EECA00786192 /* Debug */ = {
			isa = XCBuildConfiguration;
			buildSettings = {
				ALWAYS_EMBED_SWIFT_STANDARD_LIBRARIES = YES;
				CODE_SIGN_STYLE = Automatic;
				DEVELOPMENT_TEAM = GNZ5A99724;
				INFOPLIST_FILE = "CiThemes iOSUITests/Info.plist";
				LD_RUNPATH_SEARCH_PATHS = (
					"$(inherited)",
					"@executable_path/Frameworks",
					"@loader_path/Frameworks",
				);
				PRODUCT_BUNDLE_IDENTIFIER = "loicheinrich.dev.CiThemes-iOSUITests";
				PRODUCT_NAME = "$(TARGET_NAME)";
				SWIFT_VERSION = 5.0;
				TARGETED_DEVICE_FAMILY = "1,2";
				TEST_TARGET_NAME = "CiThemes iOS";
			};
			name = Debug;
		};
		622EC86C26A6EECA00786192 /* Release */ = {
			isa = XCBuildConfiguration;
			buildSettings = {
				ALWAYS_EMBED_SWIFT_STANDARD_LIBRARIES = YES;
				CODE_SIGN_STYLE = Automatic;
				DEVELOPMENT_TEAM = GNZ5A99724;
				INFOPLIST_FILE = "CiThemes iOSUITests/Info.plist";
				LD_RUNPATH_SEARCH_PATHS = (
					"$(inherited)",
					"@executable_path/Frameworks",
					"@loader_path/Frameworks",
				);
				PRODUCT_BUNDLE_IDENTIFIER = "loicheinrich.dev.CiThemes-iOSUITests";
				PRODUCT_NAME = "$(TARGET_NAME)";
				SWIFT_VERSION = 5.0;
				TARGETED_DEVICE_FAMILY = "1,2";
				TEST_TARGET_NAME = "CiThemes iOS";
			};
			name = Release;
		};
/* End XCBuildConfiguration section */

/* Begin XCConfigurationList section */
		622EC83526A6EEC900786192 /* Build configuration list for PBXProject "CiThemes iOS" */ = {
			isa = XCConfigurationList;
			buildConfigurations = (
				622EC86226A6EECA00786192 /* Debug */,
				622EC86326A6EECA00786192 /* Release */,
			);
			defaultConfigurationIsVisible = 0;
			defaultConfigurationName = Release;
		};
		622EC86426A6EECA00786192 /* Build configuration list for PBXNativeTarget "CiThemes" */ = {
			isa = XCConfigurationList;
			buildConfigurations = (
				622EC86526A6EECA00786192 /* Debug */,
				622EC86626A6EECA00786192 /* Release */,
			);
			defaultConfigurationIsVisible = 0;
			defaultConfigurationName = Release;
		};
		622EC86726A6EECA00786192 /* Build configuration list for PBXNativeTarget "CiThemes iOSTests" */ = {
			isa = XCConfigurationList;
			buildConfigurations = (
				622EC86826A6EECA00786192 /* Debug */,
				622EC86926A6EECA00786192 /* Release */,
			);
			defaultConfigurationIsVisible = 0;
			defaultConfigurationName = Release;
		};
		622EC86A26A6EECA00786192 /* Build configuration list for PBXNativeTarget "CiThemes iOSUITests" */ = {
			isa = XCConfigurationList;
			buildConfigurations = (
				622EC86B26A6EECA00786192 /* Debug */,
				622EC86C26A6EECA00786192 /* Release */,
			);
			defaultConfigurationIsVisible = 0;
			defaultConfigurationName = Release;
		};
/* End XCConfigurationList section */
	};
	rootObject = 622EC83226A6EEC900786192 /* Project object */;
}
